
Microsoft Visual Studio Solution File, Format Version 12.00
# Visual Studio 2013
VisualStudioVersion = 12.0.31101.0
MinimumVisualStudioVersion = 10.0.40219.1
Project("{9092AA53-FB77-4645-B42D-1CCCA6BD08BD}") = "TestDownload", "TestDownload.njsproj", "{EFF9BC3F-0612-4AD6-B20B-E15D1A8FABC8}"
EndProject
Global
	GlobalSection(SolutionConfigurationPlatforms) = preSolution
		Debug|Any CPU = Debug|Any CPU
		Release|Any CPU = Release|Any CPU
	EndGlobalSection
	GlobalSection(ProjectConfigurationPlatforms) = postSolution
		{EFF9BC3F-0612-4AD6-B20B-E15D1A8FABC8}.Debug|Any CPU.ActiveCfg = Debug|Any CPU
		{EFF9BC3F-0612-4AD6-B20B-E15D1A8FABC8}.Debug|Any CPU.Build.0 = Debug|Any CPU
		{EFF9BC3F-0612-4AD6-B20B-E15D1A8FABC8}.Release|Any CPU.ActiveCfg = Release|Any CPU
		{EFF9BC3F-0612-4AD6-B20B-E15D1A8FABC8}.Release|Any CPU.Build.0 = Release|Any CPU
	EndGlobalSection
	GlobalSection(SolutionProperties) = preSolution
		HideSolutionNode = FALSE
	EndGlobalSection
EndGlobal
